
Microsoft Visual Studio Solution File, Format Version 12.00
# Visual Studio Version 18
VisualStudioVersion = 18.3.11527.330 d18.3
MinimumVisualStudioVersion = 10.0.40219.1
Project("{FAE04EC0-301F-11D3-BF4B-00C04F79EFBC}") = "Hayah", "Hayah.csproj", "{0ABC818A-1D35-08EA-53C5-758CBD631D79}"
EndProject
Global
	GlobalSection(SolutionConfigurationPlatforms) = preSolution
		Debug|Any CPU = Debug|Any CPU
		Release|Any CPU = Release|Any CPU
	EndGlobalSection
	GlobalSection(ProjectConfigurationPlatforms) = postSolution
		{0ABC818A-1D35-08EA-53C5-758CBD631D79}.Debug|Any CPU.ActiveCfg = Debug|Any CPU
		{0ABC818A-1D35-08EA-53C5-758CBD631D79}.Debug|Any CPU.Build.0 = Debug|Any CPU
		{0ABC818A-1D35-08EA-53C5-758CBD631D79}.Release|Any CPU.ActiveCfg = Release|Any CPU
		{0ABC818A-1D35-08EA-53C5-758CBD631D79}.Release|Any CPU.Build.0 = Release|Any CPU
	EndGlobalSection
	GlobalSection(SolutionProperties) = preSolution
		HideSolutionNode = FALSE
	EndGlobalSection
	GlobalSection(ExtensibilityGlobals) = postSolution
		SolutionGuid = {77FF157E-DA76-47FD-A0B8-CF8CD7981083}
	EndGlobalSection
EndGlobal
